<?xml version="1.0" encoding="utf-8"?>
<Project ToolsVersion="4.0" xmlns="http://schemas.microsoft.com/developer/msbuild/2003">
  <ItemGroup>
    <Filter Include="Header Files">
      <UniqueIdentifier>{d870eea7-6fd0-4aad-9cf3-6dcd90d95ecd}</UniqueIdentifier>
    </Filter>
    <Filter Include="Source Files">
      <UniqueIdentifier>{55e7cb2d-51a4-40b5-bc5e-66c7fcf65fe0}</UniqueIdentifier>
    </Filter>
  </ItemGroup>
  <ItemGroup>
    <ClCompile Include="src\classes for labs\Administrador.cpp">
      <Filter>Source Files</Filter>
    </ClCompile>
    <ClCompile Include="src\classes for labs\Agenda.cpp">
      <Filter>Source Files</Filter>
    </ClCompile>
    <ClCompile Include="src\classes for labs\Empleado.cpp">
      <Filter>Source Files</Filter>
    </ClCompile>
    <ClCompile Include="src\labs\lab4.cpp">
      <Filter>Source Files</Filter>
    </ClCompile>
    <ClCompile Include="src\labs\lab5.cpp">
      <Filter>Source Files</Filter>
    </ClCompile>
    <ClCompile Include="src\classes for labs\Mensaje.cpp">
      <Filter>Source Files</Filter>
    </ClCompile>
    <ClCompile Include="src\DSA\Sort.cpp">
      <Filter>Source Files</Filter>
    </ClCompile>
    <ClCompile Include="src\classes for labs\Usuario.cpp">
      <Filter>Source Files</Filter>
    </ClCompile>
    <ClCompile Include="src\main.cpp" />
    <ClCompile Include="src\DSA\BinaryTree.hpp" />
    <ClCompile Include="src\labs\lab6.cpp" />
    <ClCompile Include="src\labs\lab7.cpp" />
    <ClCompile Include="src\labs\lab8.cpp" />
    <ClCompile Include="src\labs\example.cpp" />
    <ClCompile Include="src\classes for labs\turnoUsuario.cpp" />
    <ClCompile Include="src\classes for labs\Bandeja.cpp" />
  </ItemGroup>
  <ItemGroup>
    <ClInclude Include="src\classes for labs\headers\Administrador.hpp">
      <Filter>Header Files</Filter>
    </ClInclude>
    <ClInclude Include="src\DSA\DoubleLinkedList.hpp">
      <Filter>Header Files</Filter>
    </ClInclude>
    <ClInclude Include="src\classes for labs\headers\Agenda.hpp">
      <Filter>Header Files</Filter>
    </ClInclude>
    <ClInclude Include="src\classes for labs\headers\Empleado.hpp">
      <Filter>Header Files</Filter>
    </ClInclude>
    <ClInclude Include="src\labs\headers\lab4.hpp">
      <Filter>Header Files</Filter>
    </ClInclude>
    <ClInclude Include="src\classes for labs\headers\Mensaje.hpp">
      <Filter>Header Files</Filter>
    </ClInclude>
    <ClInclude Include="src\DSA\SingleLinkedList.hpp">
      <Filter>Header Files</Filter>
    </ClInclude>
    <ClInclude Include="src\DSA\Sort.hpp">
      <Filter>Header Files</Filter>
    </ClInclude>
    <ClInclude Include="src\classes for labs\headers\Usuario.hpp">
      <Filter>Header Files</Filter>
    </ClInclude>
    <ClInclude Include="src\DSA\Queue.hpp" />
    <ClInclude Include="src\DSA\DynamicArray.hpp" />
    <ClInclude Include="src\DSA\Stack.hpp" />
    <ClInclude Include="src\DSA\MinHeap.hpp" />
    <ClInclude Include="src\DSA\MaxHeap.hpp" />
    <ClInclude Include="src\DSA\HashTable.hpp" />
    <ClInclude Include="src\DSA\Graphs.hpp" />
    <ClInclude Include="src\labs\headers\lab6.hpp" />
    <ClInclude Include="src\labs\headers\lab7.hpp" />
    <ClInclude Include="src\labs\headers\lab8.hpp" />
    <ClInclude Include="src\DSA\Tree.hpp" />
    <ClInclude Include="src\DSA\PriorityQueue.hpp" />
    <ClInclude Include="src\labs\headers\lab5.hpp" />
    <ClInclude Include="src\classes for labs\headers\turnoUsuario.hpp" />
    <ClInclude Include="src\classes for labs\headers\Bandeja.hpp" />
  </ItemGroup>
  <ItemGroup>
    <Text Include="src\files\Empleados.txt" />
    <Text Include="src\files\Password.txt" />
  </ItemGroup>
</Project>