<?xml version="1.0" encoding="utf-8"?>
<Project ToolsVersion="4.0" xmlns="http://schemas.microsoft.com/developer/msbuild/2003">
  <ItemGroup>
    <Filter Include="Header Files">
      <UniqueIdentifier>{d870eea7-6fd0-4aad-9cf3-6dcd90d95ecd}</UniqueIdentifier>
    </Filter>
    <Filter Include="Source Files">
      <UniqueIdentifier>{55e7cb2d-51a4-40b5-bc5e-66c7fcf65fe0}</UniqueIdentifier>
    </Filter>
  </ItemGroup>
  <ItemGroup>
    <ClCompile Include="src\classes for labs\Administrador.cpp">
      <Filter>Source Files</Filter>
    </ClCompile>
    <ClCompile Include="src\DSA\Array.cpp">
      <Filter>Source Files</Filter>
    </ClCompile>
    <ClCompile Include="src\classes for labs\Empleado.cpp">
      <Filter>Source Files</Filter>
    </ClCompile>
    <ClCompile Include="src\labs\lab4.cpp">
      <Filter>Source Files</Filter>
    </ClCompile>
    <ClCompile Include="src\labs\lab5.cpp">
      <Filter>Source Files</Filter>
    </ClCompile>
    <ClCompile Include="src\classes for labs\Mensaje.cpp">
      <Filter>Source Files</Filter>
    </ClCompile>
    <ClCompile Include="src\DSA\Sort.cpp">
      <Filter>Source Files</Filter>
    </ClCompile>
    <ClCompile Include="src\classes for labs\Usuario.cpp">
      <Filter>Source Files</Filter>
    </ClCompile>
    <ClCompile Include="src\main.cpp" />
    <ClCompile Include="src\DSA\DynamicArray.cpp" />
    <ClCompile Include="src\DSA\Stack.cpp" />
    <ClCompile Include="src\DSA\Queue.cpp" />
    <ClCompile Include="src\DSA\Tree.cpp" />
    <ClCompile Include="src\DSA\Heap.cpp" />
    <ClCompile Include="src\DSA\HashTable.cpp" />
  </ItemGroup>
  <ItemGroup>
    <ClInclude Include="src\classes for labs\headers\Administrador.hpp">
      <Filter>Header Files</Filter>
    </ClInclude>
    <ClInclude Include="src\DSA\headers\DoubleLinkedList.hpp">
      <Filter>Header Files</Filter>
    </ClInclude>
    <ClInclude Include="src\DSA\headers\Array.hpp">
      <Filter>Header Files</Filter>
    </ClInclude>
    <ClInclude Include="src\classes for labs\headers\Empleado.hpp">
      <Filter>Header Files</Filter>
    </ClInclude>
    <ClInclude Include="src\labs\headers\lab4.hpp">
      <Filter>Header Files</Filter>
    </ClInclude>
    <ClInclude Include="src\classes for labs\headers\Mensaje.hpp">
      <Filter>Header Files</Filter>
    </ClInclude>
    <ClInclude Include="src\DSA\headers\SingleLinkedList.hpp">
      <Filter>Header Files</Filter>
    </ClInclude>
    <ClInclude Include="src\DSA\headers\sort.hpp">
      <Filter>Header Files</Filter>
    </ClInclude>
    <ClInclude Include="src\classes for labs\headers\Usuario.hpp">
      <Filter>Header Files</Filter>
    </ClInclude>
    <ClInclude Include="src\DSA\headers\Queue.hpp" />
    <ClInclude Include="src\DSA\headers\DynamicArray.hpp" />
    <ClInclude Include="src\DSA\headers\Stack.hpp" />
  </ItemGroup>
</Project>